
Microsoft Visual Studio Solution File, Format Version 12.00
# Visual Studio Version 16
VisualStudioVersion = 16.0.29411.108
MinimumVisualStudioVersion = 10.0.40219.1
Project("{FAE04EC0-301F-11D3-BF4B-00C04F79EFBC}") = "BloodSugarLevels", "BloodSugarLevels\BloodSugarLevels.csproj", "{88996374-4A6F-455C-BDC7-1542EAC92844}"
EndProject
Global
	GlobalSection(SolutionConfigurationPlatforms) = preSolution
		Debug|Any CPU = Debug|Any CPU
		Release|Any CPU = Release|Any CPU
	EndGlobalSection
	GlobalSection(ProjectConfigurationPlatforms) = postSolution
		{88996374-4A6F-455C-BDC7-1542EAC92844}.Debug|Any CPU.ActiveCfg = Debug|Any CPU
		{88996374-4A6F-455C-BDC7-1542EAC92844}.Debug|Any CPU.Build.0 = Debug|Any CPU
		{88996374-4A6F-455C-BDC7-1542EAC92844}.Release|Any CPU.ActiveCfg = Release|Any CPU
		{88996374-4A6F-455C-BDC7-1542EAC92844}.Release|Any CPU.Build.0 = Release|Any CPU
	EndGlobalSection
	GlobalSection(SolutionProperties) = preSolution
		HideSolutionNode = FALSE
	EndGlobalSection
	GlobalSection(ExtensibilityGlobals) = postSolution
		SolutionGuid = {C8BA43A8-6C05-4A60-9972-677F64996709}
	EndGlobalSection
EndGlobal
